
Microsoft Visual Studio Solution File, Format Version 12.00
# Visual Studio Version 16
VisualStudioVersion = 16.0.32228.343
MinimumVisualStudioVersion = 10.0.40219.1
Project("{FAE04EC0-301F-11D3-BF4B-00C04F79EFBC}") = "kalkulator", "kalkulator\kalkulator.csproj", "{128E0CF7-F9E8-45CD-BD9B-57EAED0F7AAA}"
EndProject
Global
	GlobalSection(SolutionConfigurationPlatforms) = preSolution
		Debug|Any CPU = Debug|Any CPU
		Release|Any CPU = Release|Any CPU
	EndGlobalSection
	GlobalSection(ProjectConfigurationPlatforms) = postSolution
		{128E0CF7-F9E8-45CD-BD9B-57EAED0F7AAA}.Debug|Any CPU.ActiveCfg = Debug|Any CPU
		{128E0CF7-F9E8-45CD-BD9B-57EAED0F7AAA}.Debug|Any CPU.Build.0 = Debug|Any CPU
		{128E0CF7-F9E8-45CD-BD9B-57EAED0F7AAA}.Release|Any CPU.ActiveCfg = Release|Any CPU
		{128E0CF7-F9E8-45CD-BD9B-57EAED0F7AAA}.Release|Any CPU.Build.0 = Release|Any CPU
	EndGlobalSection
	GlobalSection(SolutionProperties) = preSolution
		HideSolutionNode = FALSE
	EndGlobalSection
	GlobalSection(ExtensibilityGlobals) = postSolution
		SolutionGuid = {142C212E-F699-41B3-AC13-B30D8AA5B150}
	EndGlobalSection
EndGlobal
